{
  "name": "rfmanage",
  "version": "1.0.0",
  "lockfileVersion": 3,
  "requires": true,
  "packages": {
    "": {
      "name": "rfmanage",
      "version": "1.0.0",
      "license": "ISC",
      "dependencies": {
        "moment": "^2.30.1",
        "wux-weapp": "^3.11.1"
      }
    },
    "node_modules/moment": {
      "version": "2.30.1",
      "resolved": "https://registry.npmmirror.com/moment/-/moment-2.30.1.tgz",
      "integrity": "sha512-uEmtNhbDOrWPFS+hdjFCBfy9f2YoyzRpwcl+DqpC6taX21FzsTLQVbMV/W7PzNSX6x/bhC1zA3c2UQ5NzH6how==",
      "engines": {
        "node": "*"
      }
    },
    "node_modules/wux-weapp": {
      "version": "3.11.1",
      "resolved": "https://registry.npmmirror.com/wux-weapp/-/wux-weapp-3.11.1.tgz",
      "integrity": "sha512-213LaJ/hxDG6cG1iu2UgjheZb8J2Jrn589I/ydvb+m5ewkwUabdA8A9//f4XQ94RsXEDfN8da7caDT/i9WN+Lw=="
    }
  }
}
